
Microsoft Visual Studio Solution File, Format Version 12.00
# Visual Studio 14
VisualStudioVersion = 14.0.25123.0
MinimumVisualStudioVersion = 10.0.40219.1
Project("{FAE04EC0-301F-11D3-BF4B-00C04F79EFBC}") = "Sitecore.Error404", "Sitecore.Error404\Sitecore.Error404.csproj", "{AB9F4F6E-4564-4D0C-B46A-AB84E6BB0C4D}"
EndProject
Project("{FAE04EC0-301F-11D3-BF4B-00C04F79EFBC}") = "Sitecore.Error404.UnitTests", "Sitecore.Error404.UnitTests\Sitecore.Error404.UnitTests.csproj", "{36E633A4-B4E0-46FA-A6CC-D507380C613D}"
EndProject
Project("{2150E333-8FDC-42A3-9474-1A3956D46DE8}") = "Solution Items", "Solution Items", "{B9DCE706-3E89-42E4-8264-96FE273F0EC1}"
	ProjectSection(SolutionItems) = preProject
		NuGet.config = NuGet.config
		README.md = README.md
	EndProjectSection
EndProject
Project("{2150E333-8FDC-42A3-9474-1A3956D46DE8}") = "Package", "Package", "{32CED915-9EDC-412D-86B5-41A7A89CDAC5}"
EndProject
Global
	GlobalSection(SolutionConfigurationPlatforms) = preSolution
		Debug|Any CPU = Debug|Any CPU
		Release|Any CPU = Release|Any CPU
	EndGlobalSection
	GlobalSection(ProjectConfigurationPlatforms) = postSolution
		{AB9F4F6E-4564-4D0C-B46A-AB84E6BB0C4D}.Debug|Any CPU.ActiveCfg = Debug|Any CPU
		{AB9F4F6E-4564-4D0C-B46A-AB84E6BB0C4D}.Debug|Any CPU.Build.0 = Debug|Any CPU
		{AB9F4F6E-4564-4D0C-B46A-AB84E6BB0C4D}.Release|Any CPU.ActiveCfg = Release|Any CPU
		{AB9F4F6E-4564-4D0C-B46A-AB84E6BB0C4D}.Release|Any CPU.Build.0 = Release|Any CPU
		{36E633A4-B4E0-46FA-A6CC-D507380C613D}.Debug|Any CPU.ActiveCfg = Debug|Any CPU
		{36E633A4-B4E0-46FA-A6CC-D507380C613D}.Debug|Any CPU.Build.0 = Debug|Any CPU
		{36E633A4-B4E0-46FA-A6CC-D507380C613D}.Release|Any CPU.ActiveCfg = Release|Any CPU
		{36E633A4-B4E0-46FA-A6CC-D507380C613D}.Release|Any CPU.Build.0 = Release|Any CPU
	EndGlobalSection
	GlobalSection(SolutionProperties) = preSolution
		HideSolutionNode = FALSE
	EndGlobalSection
EndGlobal
